
Microsoft Visual Studio Solution File, Format Version 12.00
# Visual Studio 14
VisualStudioVersion = 14.0.25123.0
MinimumVisualStudioVersion = 10.0.40219.1
Project("{FAE04EC0-301F-11D3-BF4B-00C04F79EFBC}") = "Bd.Icm", "Bd.Icm\Bd.Icm.csproj", "{1059138B-6CDC-4F63-AEE3-1C174A125C73}"
EndProject
Project("{FAE04EC0-301F-11D3-BF4B-00C04F79EFBC}") = "Bd.Icm.Web", "Bd.Icm.Web\Bd.Icm.Web.csproj", "{998C0EA1-7AC9-448B-A8C8-1BCC8EA37A3A}"
EndProject
Project("{FAE04EC0-301F-11D3-BF4B-00C04F79EFBC}") = "Bd.Icm.DataAccess", "Bd.Icm.DataAccess\Bd.Icm.DataAccess.csproj", "{E34B6BD8-722B-4724-860F-14B25DEE1ABE}"
EndProject
Project("{FAE04EC0-301F-11D3-BF4B-00C04F79EFBC}") = "Bd.Icm.Migrations", "Bd.Icm.Migrations\Bd.Icm.Migrations.csproj", "{2414323A-5EF9-4791-A453-02E4FD9A7179}"
EndProject
Project("{2150E333-8FDC-42A3-9474-1A3956D46DE8}") = "Applications", "Applications", "{9F742022-F67C-4D01-86D4-0AC395995004}"
EndProject
Project("{2150E333-8FDC-42A3-9474-1A3956D46DE8}") = "Libraries", "Libraries", "{05D7C635-8F16-47E4-BF04-43AF3CC5F704}"
EndProject
Project("{2150E333-8FDC-42A3-9474-1A3956D46DE8}") = "Data Access", "Data Access", "{2C05D900-5A53-461A-AF19-51C131461877}"
EndProject
Project("{2150E333-8FDC-42A3-9474-1A3956D46DE8}") = "Testing", "Testing", "{CABEFBAD-E513-449B-A359-80A68302BBEC}"
EndProject
Project("{FAE04EC0-301F-11D3-BF4B-00C04F79EFBC}") = "Bd.Icm.Tests", "Bd.Icm.Tests\Bd.Icm.Tests.csproj", "{AB014601-2F76-44BF-B1D6-526FC7BF41B7}"
EndProject
Project("{FAE04EC0-301F-11D3-BF4B-00C04F79EFBC}") = "Bd.Icm.DataAccess.Tests", "Bd.Icm.DataAccess.Tests\Bd.Icm.DataAccess.Tests.csproj", "{1A201E94-58B0-473F-A3F0-6575E3EE169D}"
EndProject
Project("{FAE04EC0-301F-11D3-BF4B-00C04F79EFBC}") = "Bd.Icm.Core", "Bd.Icm.Core\Bd.Icm.Core.csproj", "{274BFB7E-177A-4EE1-AF30-3559080B07C1}"
EndProject
Global
	GlobalSection(SolutionConfigurationPlatforms) = preSolution
		Debug|Any CPU = Debug|Any CPU
		Release - WHC|Any CPU = Release - WHC|Any CPU
		Release|Any CPU = Release|Any CPU
	EndGlobalSection
	GlobalSection(ProjectConfigurationPlatforms) = postSolution
		{1059138B-6CDC-4F63-AEE3-1C174A125C73}.Debug|Any CPU.ActiveCfg = Debug|Any CPU
		{1059138B-6CDC-4F63-AEE3-1C174A125C73}.Debug|Any CPU.Build.0 = Debug|Any CPU
		{1059138B-6CDC-4F63-AEE3-1C174A125C73}.Release - WHC|Any CPU.ActiveCfg = Release - WHC|Any CPU
		{1059138B-6CDC-4F63-AEE3-1C174A125C73}.Release - WHC|Any CPU.Build.0 = Release - WHC|Any CPU
		{1059138B-6CDC-4F63-AEE3-1C174A125C73}.Release|Any CPU.ActiveCfg = Release|Any CPU
		{1059138B-6CDC-4F63-AEE3-1C174A125C73}.Release|Any CPU.Build.0 = Release|Any CPU
		{998C0EA1-7AC9-448B-A8C8-1BCC8EA37A3A}.Debug|Any CPU.ActiveCfg = Debug|Any CPU
		{998C0EA1-7AC9-448B-A8C8-1BCC8EA37A3A}.Debug|Any CPU.Build.0 = Debug|Any CPU
		{998C0EA1-7AC9-448B-A8C8-1BCC8EA37A3A}.Release - WHC|Any CPU.ActiveCfg = Release - WHC|Any CPU
		{998C0EA1-7AC9-448B-A8C8-1BCC8EA37A3A}.Release - WHC|Any CPU.Build.0 = Release - WHC|Any CPU
		{998C0EA1-7AC9-448B-A8C8-1BCC8EA37A3A}.Release|Any CPU.ActiveCfg = Release|Any CPU
		{998C0EA1-7AC9-448B-A8C8-1BCC8EA37A3A}.Release|Any CPU.Build.0 = Release|Any CPU
		{E34B6BD8-722B-4724-860F-14B25DEE1ABE}.Debug|Any CPU.ActiveCfg = Debug|Any CPU
		{E34B6BD8-722B-4724-860F-14B25DEE1ABE}.Debug|Any CPU.Build.0 = Debug|Any CPU
		{E34B6BD8-722B-4724-860F-14B25DEE1ABE}.Release - WHC|Any CPU.ActiveCfg = Release - WHC|Any CPU
		{E34B6BD8-722B-4724-860F-14B25DEE1ABE}.Release - WHC|Any CPU.Build.0 = Release - WHC|Any CPU
		{E34B6BD8-722B-4724-860F-14B25DEE1ABE}.Release|Any CPU.ActiveCfg = Release|Any CPU
		{E34B6BD8-722B-4724-860F-14B25DEE1ABE}.Release|Any CPU.Build.0 = Release|Any CPU
		{2414323A-5EF9-4791-A453-02E4FD9A7179}.Debug|Any CPU.ActiveCfg = Debug|Any CPU
		{2414323A-5EF9-4791-A453-02E4FD9A7179}.Debug|Any CPU.Build.0 = Debug|Any CPU
		{2414323A-5EF9-4791-A453-02E4FD9A7179}.Release - WHC|Any CPU.ActiveCfg = Release - WHC|Any CPU
		{2414323A-5EF9-4791-A453-02E4FD9A7179}.Release - WHC|Any CPU.Build.0 = Release - WHC|Any CPU
		{2414323A-5EF9-4791-A453-02E4FD9A7179}.Release|Any CPU.ActiveCfg = Release|Any CPU
		{2414323A-5EF9-4791-A453-02E4FD9A7179}.Release|Any CPU.Build.0 = Release|Any CPU
		{AB014601-2F76-44BF-B1D6-526FC7BF41B7}.Debug|Any CPU.ActiveCfg = Debug|Any CPU
		{AB014601-2F76-44BF-B1D6-526FC7BF41B7}.Debug|Any CPU.Build.0 = Debug|Any CPU
		{AB014601-2F76-44BF-B1D6-526FC7BF41B7}.Release - WHC|Any CPU.ActiveCfg = Release - WHC|Any CPU
		{AB014601-2F76-44BF-B1D6-526FC7BF41B7}.Release - WHC|Any CPU.Build.0 = Release - WHC|Any CPU
		{AB014601-2F76-44BF-B1D6-526FC7BF41B7}.Release|Any CPU.ActiveCfg = Release|Any CPU
		{AB014601-2F76-44BF-B1D6-526FC7BF41B7}.Release|Any CPU.Build.0 = Release|Any CPU
		{1A201E94-58B0-473F-A3F0-6575E3EE169D}.Debug|Any CPU.ActiveCfg = Debug|Any CPU
		{1A201E94-58B0-473F-A3F0-6575E3EE169D}.Debug|Any CPU.Build.0 = Debug|Any CPU
		{1A201E94-58B0-473F-A3F0-6575E3EE169D}.Release - WHC|Any CPU.ActiveCfg = Release - WHC|Any CPU
		{1A201E94-58B0-473F-A3F0-6575E3EE169D}.Release - WHC|Any CPU.Build.0 = Release - WHC|Any CPU
		{1A201E94-58B0-473F-A3F0-6575E3EE169D}.Release|Any CPU.ActiveCfg = Release|Any CPU
		{1A201E94-58B0-473F-A3F0-6575E3EE169D}.Release|Any CPU.Build.0 = Release|Any CPU
		{274BFB7E-177A-4EE1-AF30-3559080B07C1}.Debug|Any CPU.ActiveCfg = Debug|Any CPU
		{274BFB7E-177A-4EE1-AF30-3559080B07C1}.Debug|Any CPU.Build.0 = Debug|Any CPU
		{274BFB7E-177A-4EE1-AF30-3559080B07C1}.Release - WHC|Any CPU.ActiveCfg = Release - WHC|Any CPU
		{274BFB7E-177A-4EE1-AF30-3559080B07C1}.Release - WHC|Any CPU.Build.0 = Release - WHC|Any CPU
		{274BFB7E-177A-4EE1-AF30-3559080B07C1}.Release|Any CPU.ActiveCfg = Release|Any CPU
		{274BFB7E-177A-4EE1-AF30-3559080B07C1}.Release|Any CPU.Build.0 = Release|Any CPU
	EndGlobalSection
	GlobalSection(SolutionProperties) = preSolution
		HideSolutionNode = FALSE
	EndGlobalSection
	GlobalSection(NestedProjects) = preSolution
		{1059138B-6CDC-4F63-AEE3-1C174A125C73} = {05D7C635-8F16-47E4-BF04-43AF3CC5F704}
		{998C0EA1-7AC9-448B-A8C8-1BCC8EA37A3A} = {9F742022-F67C-4D01-86D4-0AC395995004}
		{E34B6BD8-722B-4724-860F-14B25DEE1ABE} = {2C05D900-5A53-461A-AF19-51C131461877}
		{2414323A-5EF9-4791-A453-02E4FD9A7179} = {2C05D900-5A53-461A-AF19-51C131461877}
		{AB014601-2F76-44BF-B1D6-526FC7BF41B7} = {CABEFBAD-E513-449B-A359-80A68302BBEC}
		{1A201E94-58B0-473F-A3F0-6575E3EE169D} = {CABEFBAD-E513-449B-A359-80A68302BBEC}
		{274BFB7E-177A-4EE1-AF30-3559080B07C1} = {05D7C635-8F16-47E4-BF04-43AF3CC5F704}
	EndGlobalSection
EndGlobal
